
Microsoft Visual Studio Solution File, Format Version 12.00
# Visual Studio 15
VisualStudioVersion = 15.0.27004.2005
MinimumVisualStudioVersion = 10.0.40219.1
Project("{FAE04EC0-301F-11D3-BF4B-00C04F79EFBC}") = "Demo1", "Demo1\Demo1.csproj", "{B96F7A53-C23B-4B47-AD82-3582DAB31FA6}"
EndProject
Project("{FAE04EC0-301F-11D3-BF4B-00C04F79EFBC}") = "Demo1.Tests", "Demo1.Tests\Demo1.Tests.csproj", "{B71B3C67-A1A4-4B2D-B0D6-A90C40E44DE9}"
EndProject
Project("{FAE04EC0-301F-11D3-BF4B-00C04F79EFBC}") = "Demo1.Dominio", "Demo1.Dominio\Demo1.Dominio.csproj", "{0D9A6BFD-58A3-44B4-AF64-C9E81916B578}"
EndProject
Project("{FAE04EC0-301F-11D3-BF4B-00C04F79EFBC}") = "Demo1.Infra", "Demo1.Infra\Demo1.Infra.csproj", "{62CA9FB3-813A-4AFA-BDF4-E3209AC12370}"
EndProject
Global
	GlobalSection(SolutionConfigurationPlatforms) = preSolution
		Debug|Any CPU = Debug|Any CPU
		Release|Any CPU = Release|Any CPU
	EndGlobalSection
	GlobalSection(ProjectConfigurationPlatforms) = postSolution
		{B96F7A53-C23B-4B47-AD82-3582DAB31FA6}.Debug|Any CPU.ActiveCfg = Debug|Any CPU
		{B96F7A53-C23B-4B47-AD82-3582DAB31FA6}.Debug|Any CPU.Build.0 = Debug|Any CPU
		{B96F7A53-C23B-4B47-AD82-3582DAB31FA6}.Release|Any CPU.ActiveCfg = Release|Any CPU
		{B96F7A53-C23B-4B47-AD82-3582DAB31FA6}.Release|Any CPU.Build.0 = Release|Any CPU
		{B71B3C67-A1A4-4B2D-B0D6-A90C40E44DE9}.Debug|Any CPU.ActiveCfg = Debug|Any CPU
		{B71B3C67-A1A4-4B2D-B0D6-A90C40E44DE9}.Debug|Any CPU.Build.0 = Debug|Any CPU
		{B71B3C67-A1A4-4B2D-B0D6-A90C40E44DE9}.Release|Any CPU.ActiveCfg = Release|Any CPU
		{B71B3C67-A1A4-4B2D-B0D6-A90C40E44DE9}.Release|Any CPU.Build.0 = Release|Any CPU
		{0D9A6BFD-58A3-44B4-AF64-C9E81916B578}.Debug|Any CPU.ActiveCfg = Debug|Any CPU
		{0D9A6BFD-58A3-44B4-AF64-C9E81916B578}.Debug|Any CPU.Build.0 = Debug|Any CPU
		{0D9A6BFD-58A3-44B4-AF64-C9E81916B578}.Release|Any CPU.ActiveCfg = Release|Any CPU
		{0D9A6BFD-58A3-44B4-AF64-C9E81916B578}.Release|Any CPU.Build.0 = Release|Any CPU
		{62CA9FB3-813A-4AFA-BDF4-E3209AC12370}.Debug|Any CPU.ActiveCfg = Debug|Any CPU
		{62CA9FB3-813A-4AFA-BDF4-E3209AC12370}.Debug|Any CPU.Build.0 = Debug|Any CPU
		{62CA9FB3-813A-4AFA-BDF4-E3209AC12370}.Release|Any CPU.ActiveCfg = Release|Any CPU
		{62CA9FB3-813A-4AFA-BDF4-E3209AC12370}.Release|Any CPU.Build.0 = Release|Any CPU
	EndGlobalSection
	GlobalSection(SolutionProperties) = preSolution
		HideSolutionNode = FALSE
	EndGlobalSection
	GlobalSection(ExtensibilityGlobals) = postSolution
		SolutionGuid = {83088265-85EB-470B-976D-E0F3F567D4FF}
	EndGlobalSection
EndGlobal
