
Microsoft Visual Studio Solution File, Format Version 12.00
# Visual Studio 15
VisualStudioVersion = 15.0.26430.13
MinimumVisualStudioVersion = 10.0.40219.1
Project("{FAE04EC0-301F-11D3-BF4B-00C04F79EFBC}") = "SignalRSelfHost", "SignalRSelfHost\SignalRSelfHost.csproj", "{F53A9A09-F7FA-4240-ACD6-5A906A94D962}"
EndProject
Project("{FAE04EC0-301F-11D3-BF4B-00C04F79EFBC}") = "SignalRSelfHost.Dominio", "SignalRSelfHost.Dominio\SignalRSelfHost.Dominio.csproj", "{74E1C93D-17F0-4C42-B376-D3455DE53AEB}"
EndProject
Global
	GlobalSection(SolutionConfigurationPlatforms) = preSolution
		Debug|Any CPU = Debug|Any CPU
		Release|Any CPU = Release|Any CPU
	EndGlobalSection
	GlobalSection(ProjectConfigurationPlatforms) = postSolution
		{F53A9A09-F7FA-4240-ACD6-5A906A94D962}.Debug|Any CPU.ActiveCfg = Debug|Any CPU
		{F53A9A09-F7FA-4240-ACD6-5A906A94D962}.Debug|Any CPU.Build.0 = Debug|Any CPU
		{F53A9A09-F7FA-4240-ACD6-5A906A94D962}.Release|Any CPU.ActiveCfg = Release|Any CPU
		{F53A9A09-F7FA-4240-ACD6-5A906A94D962}.Release|Any CPU.Build.0 = Release|Any CPU
		{74E1C93D-17F0-4C42-B376-D3455DE53AEB}.Debug|Any CPU.ActiveCfg = Debug|Any CPU
		{74E1C93D-17F0-4C42-B376-D3455DE53AEB}.Debug|Any CPU.Build.0 = Debug|Any CPU
		{74E1C93D-17F0-4C42-B376-D3455DE53AEB}.Release|Any CPU.ActiveCfg = Release|Any CPU
		{74E1C93D-17F0-4C42-B376-D3455DE53AEB}.Release|Any CPU.Build.0 = Release|Any CPU
	EndGlobalSection
	GlobalSection(SolutionProperties) = preSolution
		HideSolutionNode = FALSE
	EndGlobalSection
EndGlobal
