
Microsoft Visual Studio Solution File, Format Version 12.00
# Visual Studio 15
VisualStudioVersion = 15.0.26430.13
MinimumVisualStudioVersion = 10.0.40219.1
Project("{FAE04EC0-301F-11D3-BF4B-00C04F79EFBC}") = "SignalRSelfHost", "SignalRSelfHost\SignalRSelfHost.csproj", "{F53A9A09-F7FA-4240-ACD6-5A906A94D962}"
EndProject
Project("{FAE04EC0-301F-11D3-BF4B-00C04F79EFBC}") = "SignalRSelfHost.infra", "SignalRSelfHost.infra\SignalRSelfHost.infra.csproj", "{44C16BE3-9DA0-44D3-850D-F2627043C591}"
EndProject
Project("{2150E333-8FDC-42A3-9474-1A3956D46DE8}") = "Solution Items", "Solution Items", "{8C5819E7-EB6A-457E-9940-C467BC9A0D7E}"
	ProjectSection(SolutionItems) = preProject
		SignalRSelfHost\UnityConfig.cs = SignalRSelfHost\UnityConfig.cs
	EndProjectSection
EndProject
Project("{FAE04EC0-301F-11D3-BF4B-00C04F79EFBC}") = "SignalRSelfHost.Dominio", "SignalRSelfHost.Dominio\SignalRSelfHost.Dominio.csproj", "{DB2D56D7-A1D8-4A86-9D1B-C11586B65A6D}"
EndProject
Global
	GlobalSection(SolutionConfigurationPlatforms) = preSolution
		Debug|Any CPU = Debug|Any CPU
		Release|Any CPU = Release|Any CPU
	EndGlobalSection
	GlobalSection(ProjectConfigurationPlatforms) = postSolution
		{F53A9A09-F7FA-4240-ACD6-5A906A94D962}.Debug|Any CPU.ActiveCfg = Debug|Any CPU
		{F53A9A09-F7FA-4240-ACD6-5A906A94D962}.Debug|Any CPU.Build.0 = Debug|Any CPU
		{F53A9A09-F7FA-4240-ACD6-5A906A94D962}.Release|Any CPU.ActiveCfg = Release|Any CPU
		{F53A9A09-F7FA-4240-ACD6-5A906A94D962}.Release|Any CPU.Build.0 = Release|Any CPU
		{44C16BE3-9DA0-44D3-850D-F2627043C591}.Debug|Any CPU.ActiveCfg = Debug|Any CPU
		{44C16BE3-9DA0-44D3-850D-F2627043C591}.Debug|Any CPU.Build.0 = Debug|Any CPU
		{44C16BE3-9DA0-44D3-850D-F2627043C591}.Release|Any CPU.ActiveCfg = Release|Any CPU
		{44C16BE3-9DA0-44D3-850D-F2627043C591}.Release|Any CPU.Build.0 = Release|Any CPU
		{DB2D56D7-A1D8-4A86-9D1B-C11586B65A6D}.Debug|Any CPU.ActiveCfg = Debug|Any CPU
		{DB2D56D7-A1D8-4A86-9D1B-C11586B65A6D}.Debug|Any CPU.Build.0 = Debug|Any CPU
		{DB2D56D7-A1D8-4A86-9D1B-C11586B65A6D}.Release|Any CPU.ActiveCfg = Release|Any CPU
		{DB2D56D7-A1D8-4A86-9D1B-C11586B65A6D}.Release|Any CPU.Build.0 = Release|Any CPU
	EndGlobalSection
	GlobalSection(SolutionProperties) = preSolution
		HideSolutionNode = FALSE
	EndGlobalSection
	GlobalSection(ExtensibilityGlobals) = postSolution
		SolutionGuid = {E3580B50-A137-431F-9DF7-F7EB7C64F279}
	EndGlobalSection
EndGlobal
